
Microsoft Visual Studio Solution File, Format Version 12.00
# Visual Studio Version 16
VisualStudioVersion = 16.0.32002.261
MinimumVisualStudioVersion = 10.0.40219.1
Project("{FAE04EC0-301F-11D3-BF4B-00C04F79EFBC}") = "lamdatagridview", "lamdatagridview\lamdatagridview.csproj", "{95561FBA-8E34-419B-8A9B-8EB025356D9D}"
EndProject
Global
	GlobalSection(SolutionConfigurationPlatforms) = preSolution
		Debug|Any CPU = Debug|Any CPU
		Release|Any CPU = Release|Any CPU
	EndGlobalSection
	GlobalSection(ProjectConfigurationPlatforms) = postSolution
		{95561FBA-8E34-419B-8A9B-8EB025356D9D}.Debug|Any CPU.ActiveCfg = Debug|Any CPU
		{95561FBA-8E34-419B-8A9B-8EB025356D9D}.Debug|Any CPU.Build.0 = Debug|Any CPU
		{95561FBA-8E34-419B-8A9B-8EB025356D9D}.Release|Any CPU.ActiveCfg = Release|Any CPU
		{95561FBA-8E34-419B-8A9B-8EB025356D9D}.Release|Any CPU.Build.0 = Release|Any CPU
	EndGlobalSection
	GlobalSection(SolutionProperties) = preSolution
		HideSolutionNode = FALSE
	EndGlobalSection
	GlobalSection(ExtensibilityGlobals) = postSolution
		SolutionGuid = {C16A98E8-0AA4-41C0-8AA8-EC638B12CBCF}
	EndGlobalSection
EndGlobal
